
Microsoft Visual Studio Solution File, Format Version 12.00
# Visual Studio Version 17
VisualStudioVersion = 17.14.36414.22 d17.14
MinimumVisualStudioVersion = 10.0.40219.1
Project("{FAE04EC0-301F-11D3-BF4B-00C04F79EFBC}") = "JavaFlorist.Api", "JavaFlorist.Api\JavaFlorist.Api.csproj", "{57A9FFAB-9824-47CF-A8CB-BA642E90407B}"
EndProject
Global
	GlobalSection(SolutionConfigurationPlatforms) = preSolution
		Debug|Any CPU = Debug|Any CPU
		Release|Any CPU = Release|Any CPU
	EndGlobalSection
	GlobalSection(ProjectConfigurationPlatforms) = postSolution
		{57A9FFAB-9824-47CF-A8CB-BA642E90407B}.Debug|Any CPU.ActiveCfg = Debug|Any CPU
		{57A9FFAB-9824-47CF-A8CB-BA642E90407B}.Debug|Any CPU.Build.0 = Debug|Any CPU
		{57A9FFAB-9824-47CF-A8CB-BA642E90407B}.Release|Any CPU.ActiveCfg = Release|Any CPU
		{57A9FFAB-9824-47CF-A8CB-BA642E90407B}.Release|Any CPU.Build.0 = Release|Any CPU
	EndGlobalSection
	GlobalSection(SolutionProperties) = preSolution
		HideSolutionNode = FALSE
	EndGlobalSection
	GlobalSection(ExtensibilityGlobals) = postSolution
		SolutionGuid = {08E88AEF-4DE4-4388-AA7F-CD02D8EF572D}
	EndGlobalSection
EndGlobal
